
Microsoft Visual Studio Solution File, Format Version 12.00
# Visual Studio 15
VisualStudioVersion = 15.0.28307.757
MinimumVisualStudioVersion = 10.0.40219.1
Project("{FAE04EC0-301F-11D3-BF4B-00C04F79EFBC}") = "WindowsService1", "WindowsService1\WindowsService1.csproj", "{F38530DC-782D-4061-B9DA-7A1E591CB685}"
EndProject
Global
	GlobalSection(SolutionConfigurationPlatforms) = preSolution
		Debug|Any CPU = Debug|Any CPU
		Release|Any CPU = Release|Any CPU
	EndGlobalSection
	GlobalSection(ProjectConfigurationPlatforms) = postSolution
		{F38530DC-782D-4061-B9DA-7A1E591CB685}.Debug|Any CPU.ActiveCfg = Debug|Any CPU
		{F38530DC-782D-4061-B9DA-7A1E591CB685}.Debug|Any CPU.Build.0 = Debug|Any CPU
		{F38530DC-782D-4061-B9DA-7A1E591CB685}.Release|Any CPU.ActiveCfg = Release|Any CPU
		{F38530DC-782D-4061-B9DA-7A1E591CB685}.Release|Any CPU.Build.0 = Release|Any CPU
	EndGlobalSection
	GlobalSection(SolutionProperties) = preSolution
		HideSolutionNode = FALSE
	EndGlobalSection
	GlobalSection(ExtensibilityGlobals) = postSolution
		SolutionGuid = {7098840E-DAF7-4335-ABF3-EF2772686E29}
	EndGlobalSection
EndGlobal
